
Microsoft Visual Studio Solution File, Format Version 12.00
# Visual Studio 14
VisualStudioVersion = 14.0.24720.0
MinimumVisualStudioVersion = 10.0.40219.1
Project("{FAE04EC0-301F-11D3-BF4B-00C04F79EFBC}") = "TOSA", "TOSA.csproj", "{0CB3D5F2-B9D6-42BC-8E4C-B45C1A9376E2}"
EndProject
Project("{FAE04EC0-301F-11D3-BF4B-00C04F79EFBC}") = "SocieteGeneralOctober2015", "SocieteGeneralOctober2015\SocieteGeneralOctober2015.csproj", "{A0A107AA-1A51-4D83-90F8-795DBA53AD39}"
EndProject
Project("{FAE04EC0-301F-11D3-BF4B-00C04F79EFBC}") = "TOSARunner", "TOSARunner\TOSARunner.csproj", "{AC66B58D-406C-46FF-94A5-B0CA08AA0807}"
EndProject
Project("{FAE04EC0-301F-11D3-BF4B-00C04F79EFBC}") = "MeilleurDevDeFranceMars2015", "MeilleurDevDeFranceMars2015\MeilleurDevDeFranceMars2015.csproj", "{2973B524-932D-4BFA-8FCA-F2E51CDE0107}"
EndProject
Project("{FAE04EC0-301F-11D3-BF4B-00C04F79EFBC}") = "BattleDevRegionsJobNovembre2015", "BattleDevRegionsJobNovembre2015\BattleDevRegionsJobNovembre2015.csproj", "{3B4E909F-47B1-4CCF-AFE2-1148C6096EFB}"
EndProject
Global
	GlobalSection(SolutionConfigurationPlatforms) = preSolution
		Debug|Any CPU = Debug|Any CPU
		Release|Any CPU = Release|Any CPU
	EndGlobalSection
	GlobalSection(ProjectConfigurationPlatforms) = postSolution
		{0CB3D5F2-B9D6-42BC-8E4C-B45C1A9376E2}.Debug|Any CPU.ActiveCfg = Debug|Any CPU
		{0CB3D5F2-B9D6-42BC-8E4C-B45C1A9376E2}.Debug|Any CPU.Build.0 = Debug|Any CPU
		{0CB3D5F2-B9D6-42BC-8E4C-B45C1A9376E2}.Release|Any CPU.ActiveCfg = Release|Any CPU
		{0CB3D5F2-B9D6-42BC-8E4C-B45C1A9376E2}.Release|Any CPU.Build.0 = Release|Any CPU
		{A0A107AA-1A51-4D83-90F8-795DBA53AD39}.Debug|Any CPU.ActiveCfg = Debug|Any CPU
		{A0A107AA-1A51-4D83-90F8-795DBA53AD39}.Debug|Any CPU.Build.0 = Debug|Any CPU
		{A0A107AA-1A51-4D83-90F8-795DBA53AD39}.Release|Any CPU.ActiveCfg = Release|Any CPU
		{A0A107AA-1A51-4D83-90F8-795DBA53AD39}.Release|Any CPU.Build.0 = Release|Any CPU
		{AC66B58D-406C-46FF-94A5-B0CA08AA0807}.Debug|Any CPU.ActiveCfg = Debug|Any CPU
		{AC66B58D-406C-46FF-94A5-B0CA08AA0807}.Debug|Any CPU.Build.0 = Debug|Any CPU
		{AC66B58D-406C-46FF-94A5-B0CA08AA0807}.Release|Any CPU.ActiveCfg = Release|Any CPU
		{AC66B58D-406C-46FF-94A5-B0CA08AA0807}.Release|Any CPU.Build.0 = Release|Any CPU
		{2973B524-932D-4BFA-8FCA-F2E51CDE0107}.Debug|Any CPU.ActiveCfg = Debug|Any CPU
		{2973B524-932D-4BFA-8FCA-F2E51CDE0107}.Debug|Any CPU.Build.0 = Debug|Any CPU
		{2973B524-932D-4BFA-8FCA-F2E51CDE0107}.Release|Any CPU.ActiveCfg = Release|Any CPU
		{2973B524-932D-4BFA-8FCA-F2E51CDE0107}.Release|Any CPU.Build.0 = Release|Any CPU
		{3B4E909F-47B1-4CCF-AFE2-1148C6096EFB}.Debug|Any CPU.ActiveCfg = Debug|Any CPU
		{3B4E909F-47B1-4CCF-AFE2-1148C6096EFB}.Debug|Any CPU.Build.0 = Debug|Any CPU
		{3B4E909F-47B1-4CCF-AFE2-1148C6096EFB}.Release|Any CPU.ActiveCfg = Release|Any CPU
		{3B4E909F-47B1-4CCF-AFE2-1148C6096EFB}.Release|Any CPU.Build.0 = Release|Any CPU
	EndGlobalSection
	GlobalSection(SolutionProperties) = preSolution
		HideSolutionNode = FALSE
	EndGlobalSection
EndGlobal
